// !$*UTF8*$!
{
	archiveVersion = 1;
	classes = {
	};
	objectVersion = 48;
	objects = {

/* Begin PBXBuildFile section */
		8AAFCF21207C3C6C003C8605 /* CollectionViewItem.swift in Sources */ = {isa = PBXBuildFile; fileRef = 8AAFCF1F207C3C6C003C8605 /* CollectionViewItem.swift */; };
		8AAFCF22207C3C6C003C8605 /* CollectionViewItem.xib in Resources */ = {isa = PBXBuildFile; fileRef = 8AAFCF20207C3C6C003C8605 /* CollectionViewItem.xib */; };
		8ADA3485208583F6008EC484 /* HeaderView.xib in Resources */ = {isa = PBXBuildFile; fileRef = 8ADA3484208583F6008EC484 /* HeaderView.xib */; };
		8ADA348720858457008EC484 /* HeaderView.swift in Sources */ = {isa = PBXBuildFile; fileRef = 8ADA348620858457008EC484 /* HeaderView.swift */; };
		E002F0FF2081ED0E00AACCC0 /* LibraryViewController.swift in Sources */ = {isa = PBXBuildFile; fileRef = E002F0FE2081ED0E00AACCC0 /* LibraryViewController.swift */; };
		E029CFDD2081E487008EC2A7 /* LibraryListViewController.swift in Sources */ = {isa = PBXBuildFile; fileRef = E029CFDC2081E487008EC2A7 /* LibraryListViewController.swift */; };
		E05BDD9C2081AA1300AEA9AA /* Manga.swift in Sources */ = {isa = PBXBuildFile; fileRef = E05BDD9B2081AA1300AEA9AA /* Manga.swift */; };
		E05BDDA02081B8EB00AEA9AA /* ShelfViewController.swift in Sources */ = {isa = PBXBuildFile; fileRef = E05BDD9F2081B8EB00AEA9AA /* ShelfViewController.swift */; };
		E08E863B20731A7A0082723B /* AppDelegate.swift in Sources */ = {isa = PBXBuildFile; fileRef = E08E863A20731A7A0082723B /* AppDelegate.swift */; };
		E08E863D20731A7A0082723B /* ViewController.swift in Sources */ = {isa = PBXBuildFile; fileRef = E08E863C20731A7A0082723B /* ViewController.swift */; };
		E08E863F20731A7A0082723B /* Assets.xcassets in Resources */ = {isa = PBXBuildFile; fileRef = E08E863E20731A7A0082723B /* Assets.xcassets */; };
		E08E864220731A7A0082723B /* Main.storyboard in Resources */ = {isa = PBXBuildFile; fileRef = E08E864020731A7A0082723B /* Main.storyboard */; };
		E08E864E20731A7A0082723B /* EdgeViewerTests.swift in Sources */ = {isa = PBXBuildFile; fileRef = E08E864D20731A7A0082723B /* EdgeViewerTests.swift */; };
		E08E865920731A7A0082723B /* EdgeViewerUITests.swift in Sources */ = {isa = PBXBuildFile; fileRef = E08E865820731A7A0082723B /* EdgeViewerUITests.swift */; };
/* End PBXBuildFile section */

/* Begin PBXContainerItemProxy section */
		E08E864A20731A7A0082723B /* PBXContainerItemProxy */ = {
			isa = PBXContainerItemProxy;
			containerPortal = E08E862F20731A7A0082723B /* Project object */;
			proxyType = 1;
			remoteGlobalIDString = E08E863620731A7A0082723B;
			remoteInfo = EdgeViewer;
		};
		E08E865520731A7A0082723B /* PBXContainerItemProxy */ = {
			isa = PBXContainerItemProxy;
			containerPortal = E08E862F20731A7A0082723B /* Project object */;
			proxyType = 1;
			remoteGlobalIDString = E08E863620731A7A0082723B;
			remoteInfo = EdgeViewer;
		};
/* End PBXContainerItemProxy section */

/* Begin PBXFileReference section */
		8AAFCF1F207C3C6C003C8605 /* CollectionViewItem.swift */ = {isa = PBXFileReference; lastKnownFileType = sourcecode.swift; path = CollectionViewItem.swift; sourceTree = "<group>"; };
		8AAFCF20207C3C6C003C8605 /* CollectionViewItem.xib */ = {isa = PBXFileReference; lastKnownFileType = file.xib; path = CollectionViewItem.xib; sourceTree = "<group>"; };
		8ADA3484208583F6008EC484 /* HeaderView.xib */ = {isa = PBXFileReference; lastKnownFileType = file.xib; name = HeaderView.xib; path = ../../HeaderView.xib; sourceTree = "<group>"; };
		8ADA348620858457008EC484 /* HeaderView.swift */ = {isa = PBXFileReference; lastKnownFileType = sourcecode.swift; name = HeaderView.swift; path = ../../HeaderView.swift; sourceTree = "<group>"; };
		E002F0FE2081ED0E00AACCC0 /* LibraryViewController.swift */ = {isa = PBXFileReference; lastKnownFileType = sourcecode.swift; path = LibraryViewController.swift; sourceTree = "<group>"; };
		E029CFDC2081E487008EC2A7 /* LibraryListViewController.swift */ = {isa = PBXFileReference; lastKnownFileType = sourcecode.swift; path = LibraryListViewController.swift; sourceTree = "<group>"; };
		E05BDD9B2081AA1300AEA9AA /* Manga.swift */ = {isa = PBXFileReference; lastKnownFileType = sourcecode.swift; path = Manga.swift; sourceTree = "<group>"; };
		E05BDD9F2081B8EB00AEA9AA /* ShelfViewController.swift */ = {isa = PBXFileReference; lastKnownFileType = sourcecode.swift; path = ShelfViewController.swift; sourceTree = "<group>"; };
		E08E863720731A7A0082723B /* EdgeViewer.app */ = {isa = PBXFileReference; explicitFileType = wrapper.application; includeInIndex = 0; path = EdgeViewer.app; sourceTree = BUILT_PRODUCTS_DIR; };
		E08E863A20731A7A0082723B /* AppDelegate.swift */ = {isa = PBXFileReference; lastKnownFileType = sourcecode.swift; path = AppDelegate.swift; sourceTree = "<group>"; };
		E08E863C20731A7A0082723B /* ViewController.swift */ = {isa = PBXFileReference; lastKnownFileType = sourcecode.swift; path = ViewController.swift; sourceTree = "<group>"; };
		E08E863E20731A7A0082723B /* Assets.xcassets */ = {isa = PBXFileReference; lastKnownFileType = folder.assetcatalog; path = Assets.xcassets; sourceTree = "<group>"; };
		E08E864120731A7A0082723B /* Base */ = {isa = PBXFileReference; lastKnownFileType = file.storyboard; name = Base; path = Base.lproj/Main.storyboard; sourceTree = "<group>"; };
		E08E864320731A7A0082723B /* Info.plist */ = {isa = PBXFileReference; lastKnownFileType = text.plist.xml; path = Info.plist; sourceTree = "<group>"; };
		E08E864420731A7A0082723B /* EdgeViewer.entitlements */ = {isa = PBXFileReference; lastKnownFileType = text.plist.entitlements; path = EdgeViewer.entitlements; sourceTree = "<group>"; };
		E08E864920731A7A0082723B /* EdgeViewerTests.xctest */ = {isa = PBXFileReference; explicitFileType = wrapper.cfbundle; includeInIndex = 0; path = EdgeViewerTests.xctest; sourceTree = BUILT_PRODUCTS_DIR; };
		E08E864D20731A7A0082723B /* EdgeViewerTests.swift */ = {isa = PBXFileReference; lastKnownFileType = sourcecode.swift; path = EdgeViewerTests.swift; sourceTree = "<group>"; };
		E08E864F20731A7A0082723B /* Info.plist */ = {isa = PBXFileReference; lastKnownFileType = text.plist.xml; path = Info.plist; sourceTree = "<group>"; };
		E08E865420731A7A0082723B /* EdgeViewerUITests.xctest */ = {isa = PBXFileReference; explicitFileType = wrapper.cfbundle; includeInIndex = 0; path = EdgeViewerUITests.xctest; sourceTree = BUILT_PRODUCTS_DIR; };
		E08E865820731A7A0082723B /* EdgeViewerUITests.swift */ = {isa = PBXFileReference; lastKnownFileType = sourcecode.swift; path = EdgeViewerUITests.swift; sourceTree = "<group>"; };
		E08E865A20731A7A0082723B /* Info.plist */ = {isa = PBXFileReference; lastKnownFileType = text.plist.xml; path = Info.plist; sourceTree = "<group>"; };
/* End PBXFileReference section */

/* Begin PBXFrameworksBuildPhase section */
		E08E863420731A7A0082723B /* Frameworks */ = {
			isa = PBXFrameworksBuildPhase;
			buildActionMask = 2147483647;
			files = (
			);
			runOnlyForDeploymentPostprocessing = 0;
		};
		E08E864620731A7A0082723B /* Frameworks */ = {
			isa = PBXFrameworksBuildPhase;
			buildActionMask = 2147483647;
			files = (
			);
			runOnlyForDeploymentPostprocessing = 0;
		};
		E08E865120731A7A0082723B /* Frameworks */ = {
			isa = PBXFrameworksBuildPhase;
			buildActionMask = 2147483647;
			files = (
			);
			runOnlyForDeploymentPostprocessing = 0;
		};
/* End PBXFrameworksBuildPhase section */

/* Begin PBXGroup section */
		E029CFDE2081E564008EC2A7 /* LibraryView */ = {
			isa = PBXGroup;
			children = (
				8ADA348620858457008EC484 /* HeaderView.swift */,
				8ADA3484208583F6008EC484 /* HeaderView.xib */,
				E029CFDC2081E487008EC2A7 /* LibraryListViewController.swift */,
				8AAFCF1F207C3C6C003C8605 /* CollectionViewItem.swift */,
				8AAFCF20207C3C6C003C8605 /* CollectionViewItem.xib */,
				E05BDD9F2081B8EB00AEA9AA /* ShelfViewController.swift */,
				E002F0FE2081ED0E00AACCC0 /* LibraryViewController.swift */,
			);
			path = LibraryView;
			sourceTree = "<group>";
		};
		E08E862E20731A7A0082723B = {
			isa = PBXGroup;
			children = (
				E08E863920731A7A0082723B /* EdgeViewer */,
				E08E864C20731A7A0082723B /* EdgeViewerTests */,
				E08E865720731A7A0082723B /* EdgeViewerUITests */,
				E08E863820731A7A0082723B /* Products */,
			);
			sourceTree = "<group>";
		};
		E08E863820731A7A0082723B /* Products */ = {
			isa = PBXGroup;
			children = (
				E08E863720731A7A0082723B /* EdgeViewer.app */,
				E08E864920731A7A0082723B /* EdgeViewerTests.xctest */,
				E08E865420731A7A0082723B /* EdgeViewerUITests.xctest */,
			);
			name = Products;
			sourceTree = "<group>";
		};
		E08E863920731A7A0082723B /* EdgeViewer */ = {
			isa = PBXGroup;
			children = (
				E029CFDE2081E564008EC2A7 /* LibraryView */,
				E05BDD9B2081AA1300AEA9AA /* Manga.swift */,
				E08E863A20731A7A0082723B /* AppDelegate.swift */,
				E08E863C20731A7A0082723B /* ViewController.swift */,
				E08E863E20731A7A0082723B /* Assets.xcassets */,
				E08E864020731A7A0082723B /* Main.storyboard */,
				E08E864320731A7A0082723B /* Info.plist */,
				E08E864420731A7A0082723B /* EdgeViewer.entitlements */,
			);
			path = EdgeViewer;
			sourceTree = "<group>";
		};
		E08E864C20731A7A0082723B /* EdgeViewerTests */ = {
			isa = PBXGroup;
			children = (
				E08E864D20731A7A0082723B /* EdgeViewerTests.swift */,
				E08E864F20731A7A0082723B /* Info.plist */,
			);
			path = EdgeViewerTests;
			sourceTree = "<group>";
		};
		E08E865720731A7A0082723B /* EdgeViewerUITests */ = {
			isa = PBXGroup;
			children = (
				E08E865820731A7A0082723B /* EdgeViewerUITests.swift */,
				E08E865A20731A7A0082723B /* Info.plist */,
			);
			path = EdgeViewerUITests;
			sourceTree = "<group>";
		};
/* End PBXGroup section */

/* Begin PBXNativeTarget section */
		E08E863620731A7A0082723B /* EdgeViewer */ = {
			isa = PBXNativeTarget;
			buildConfigurationList = E08E865D20731A7A0082723B /* Build configuration list for PBXNativeTarget "EdgeViewer" */;
			buildPhases = (
				E08E863320731A7A0082723B /* Sources */,
				E08E863420731A7A0082723B /* Frameworks */,
				E08E863520731A7A0082723B /* Resources */,
			);
			buildRules = (
			);
			dependencies = (
			);
			name = EdgeViewer;
			productName = EdgeViewer;
			productReference = E08E863720731A7A0082723B /* EdgeViewer.app */;
			productType = "com.apple.product-type.application";
		};
		E08E864820731A7A0082723B /* EdgeViewerTests */ = {
			isa = PBXNativeTarget;
			buildConfigurationList = E08E866020731A7A0082723B /* Build configuration list for PBXNativeTarget "EdgeViewerTests" */;
			buildPhases = (
				E08E864520731A7A0082723B /* Sources */,
				E08E864620731A7A0082723B /* Frameworks */,
				E08E864720731A7A0082723B /* Resources */,
			);
			buildRules = (
			);
			dependencies = (
				E08E864B20731A7A0082723B /* PBXTargetDependency */,
			);
			name = EdgeViewerTests;
			productName = EdgeViewerTests;
			productReference = E08E864920731A7A0082723B /* EdgeViewerTests.xctest */;
			productType = "com.apple.product-type.bundle.unit-test";
		};
		E08E865320731A7A0082723B /* EdgeViewerUITests */ = {
			isa = PBXNativeTarget;
			buildConfigurationList = E08E866320731A7A0082723B /* Build configuration list for PBXNativeTarget "EdgeViewerUITests" */;
			buildPhases = (
				E08E865020731A7A0082723B /* Sources */,
				E08E865120731A7A0082723B /* Frameworks */,
				E08E865220731A7A0082723B /* Resources */,
			);
			buildRules = (
			);
			dependencies = (
				E08E865620731A7A0082723B /* PBXTargetDependency */,
			);
			name = EdgeViewerUITests;
			productName = EdgeViewerUITests;
			productReference = E08E865420731A7A0082723B /* EdgeViewerUITests.xctest */;
			productType = "com.apple.product-type.bundle.ui-testing";
		};
/* End PBXNativeTarget section */

/* Begin PBXProject section */
		E08E862F20731A7A0082723B /* Project object */ = {
			isa = PBXProject;
			attributes = {
				LastSwiftUpdateCheck = 0920;
				LastUpgradeCheck = 0920;
				ORGANIZATIONNAME = NoName;
				TargetAttributes = {
					E08E863620731A7A0082723B = {
						CreatedOnToolsVersion = 9.2;
						ProvisioningStyle = Automatic;
					};
					E08E864820731A7A0082723B = {
						CreatedOnToolsVersion = 9.2;
						ProvisioningStyle = Automatic;
						TestTargetID = E08E863620731A7A0082723B;
					};
					E08E865320731A7A0082723B = {
						CreatedOnToolsVersion = 9.2;
						ProvisioningStyle = Automatic;
						TestTargetID = E08E863620731A7A0082723B;
					};
				};
			};
			buildConfigurationList = E08E863220731A7A0082723B /* Build configuration list for PBXProject "EdgeViewer" */;
			compatibilityVersion = "Xcode 8.0";
			developmentRegion = en;
			hasScannedForEncodings = 0;
			knownRegions = (
				en,
				Base,
			);
			mainGroup = E08E862E20731A7A0082723B;
			productRefGroup = E08E863820731A7A0082723B /* Products */;
			projectDirPath = "";
			projectRoot = "";
			targets = (
				E08E863620731A7A0082723B /* EdgeViewer */,
				E08E864820731A7A0082723B /* EdgeViewerTests */,
				E08E865320731A7A0082723B /* EdgeViewerUITests */,
			);
		};
/* End PBXProject section */

/* Begin PBXResourcesBuildPhase section */
		E08E863520731A7A0082723B /* Resources */ = {
			isa = PBXResourcesBuildPhase;
			buildActionMask = 2147483647;
			files = (
				E08E863F20731A7A0082723B /* Assets.xcassets in Resources */,
				E08E864220731A7A0082723B /* Main.storyboard in Resources */,
				8AAFCF22207C3C6C003C8605 /* CollectionViewItem.xib in Resources */,
				8ADA3485208583F6008EC484 /* HeaderView.xib in Resources */,
			);
			runOnlyForDeploymentPostprocessing = 0;
		};
		E08E864720731A7A0082723B /* Resources */ = {
			isa = PBXResourcesBuildPhase;
			buildActionMask = 2147483647;
			files = (
			);
			runOnlyForDeploymentPostprocessing = 0;
		};
		E08E865220731A7A0082723B /* Resources */ = {
			isa = PBXResourcesBuildPhase;
			buildActionMask = 2147483647;
			files = (
			);
			runOnlyForDeploymentPostprocessing = 0;
		};
/* End PBXResourcesBuildPhase section */

/* Begin PBXSourcesBuildPhase section */
		E08E863320731A7A0082723B /* Sources */ = {
			isa = PBXSourcesBuildPhase;
			buildActionMask = 2147483647;
			files = (
				E05BDD9C2081AA1300AEA9AA /* Manga.swift in Sources */,
				E05BDDA02081B8EB00AEA9AA /* ShelfViewController.swift in Sources */,
				E08E863D20731A7A0082723B /* ViewController.swift in Sources */,
				8AAFCF21207C3C6C003C8605 /* CollectionViewItem.swift in Sources */,
				E002F0FF2081ED0E00AACCC0 /* LibraryViewController.swift in Sources */,
				E029CFDD2081E487008EC2A7 /* LibraryListViewController.swift in Sources */,
				E08E863B20731A7A0082723B /* AppDelegate.swift in Sources */,
				8ADA348720858457008EC484 /* HeaderView.swift in Sources */,
			);
			runOnlyForDeploymentPostprocessing = 0;
		};
		E08E864520731A7A0082723B /* Sources */ = {
			isa = PBXSourcesBuildPhase;
			buildActionMask = 2147483647;
			files = (
				E08E864E20731A7A0082723B /* EdgeViewerTests.swift in Sources */,
			);
			runOnlyForDeploymentPostprocessing = 0;
		};
		E08E865020731A7A0082723B /* Sources */ = {
			isa = PBXSourcesBuildPhase;
			buildActionMask = 2147483647;
			files = (
				E08E865920731A7A0082723B /* EdgeViewerUITests.swift in Sources */,
			);
			runOnlyForDeploymentPostprocessing = 0;
		};
/* End PBXSourcesBuildPhase section */

/* Begin PBXTargetDependency section */
		E08E864B20731A7A0082723B /* PBXTargetDependency */ = {
			isa = PBXTargetDependency;
			target = E08E863620731A7A0082723B /* EdgeViewer */;
			targetProxy = E08E864A20731A7A0082723B /* PBXContainerItemProxy */;
		};
		E08E865620731A7A0082723B /* PBXTargetDependency */ = {
			isa = PBXTargetDependency;
			target = E08E863620731A7A0082723B /* EdgeViewer */;
			targetProxy = E08E865520731A7A0082723B /* PBXContainerItemProxy */;
		};
/* End PBXTargetDependency section */

/* Begin PBXVariantGroup section */
		E08E864020731A7A0082723B /* Main.storyboard */ = {
			isa = PBXVariantGroup;
			children = (
				E08E864120731A7A0082723B /* Base */,
			);
			name = Main.storyboard;
			sourceTree = "<group>";
		};
/* End PBXVariantGroup section */

/* Begin XCBuildConfiguration section */
		E08E865B20731A7A0082723B /* Debug */ = {
			isa = XCBuildConfiguration;
			buildSettings = {
				ALWAYS_SEARCH_USER_PATHS = NO;
				CLANG_ANALYZER_NONNULL = YES;
				CLANG_ANALYZER_NUMBER_OBJECT_CONVERSION = YES_AGGRESSIVE;
				CLANG_CXX_LANGUAGE_STANDARD = "gnu++14";
				CLANG_CXX_LIBRARY = "libc++";
				CLANG_ENABLE_MODULES = YES;
				CLANG_ENABLE_OBJC_ARC = YES;
				CLANG_WARN_BLOCK_CAPTURE_AUTORELEASING = YES;
				CLANG_WARN_BOOL_CONVERSION = YES;
				CLANG_WARN_COMMA = YES;
				CLANG_WARN_CONSTANT_CONVERSION = YES;
				CLANG_WARN_DIRECT_OBJC_ISA_USAGE = YES_ERROR;
				CLANG_WARN_DOCUMENTATION_COMMENTS = YES;
				CLANG_WARN_EMPTY_BODY = YES;
				CLANG_WARN_ENUM_CONVERSION = YES;
				CLANG_WARN_INFINITE_RECURSION = YES;
				CLANG_WARN_INT_CONVERSION = YES;
				CLANG_WARN_NON_LITERAL_NULL_CONVERSION = YES;
				CLANG_WARN_OBJC_LITERAL_CONVERSION = YES;
				CLANG_WARN_OBJC_ROOT_CLASS = YES_ERROR;
				CLANG_WARN_RANGE_LOOP_ANALYSIS = YES;
				CLANG_WARN_STRICT_PROTOTYPES = YES;
				CLANG_WARN_SUSPICIOUS_MOVE = YES;
				CLANG_WARN_UNGUARDED_AVAILABILITY = YES_AGGRESSIVE;
				CLANG_WARN_UNREACHABLE_CODE = YES;
				CLANG_WARN__DUPLICATE_METHOD_MATCH = YES;
				CODE_SIGN_IDENTITY = "-";
				COPY_PHASE_STRIP = NO;
				DEBUG_INFORMATION_FORMAT = dwarf;
				ENABLE_STRICT_OBJC_MSGSEND = YES;
				ENABLE_TESTABILITY = YES;
				GCC_C_LANGUAGE_STANDARD = gnu11;
				GCC_DYNAMIC_NO_PIC = NO;
				GCC_NO_COMMON_BLOCKS = YES;
				GCC_OPTIMIZATION_LEVEL = 0;
				GCC_PREPROCESSOR_DEFINITIONS = (
					"DEBUG=1",
					"$(inherited)",
				);
				GCC_WARN_64_TO_32_BIT_CONVERSION = YES;
				GCC_WARN_ABOUT_RETURN_TYPE = YES_ERROR;
				GCC_WARN_UNDECLARED_SELECTOR = YES;
				GCC_WARN_UNINITIALIZED_AUTOS = YES_AGGRESSIVE;
				GCC_WARN_UNUSED_FUNCTION = YES;
				GCC_WARN_UNUSED_VARIABLE = YES;
				MACOSX_DEPLOYMENT_TARGET = 10.12;
				MTL_ENABLE_DEBUG_INFO = YES;
				ONLY_ACTIVE_ARCH = YES;
				SDKROOT = macosx;
				SWIFT_ACTIVE_COMPILATION_CONDITIONS = DEBUG;
				SWIFT_OPTIMIZATION_LEVEL = "-Onone";
			};
			name = Debug;
		};
		E08E865C20731A7A0082723B /* Release */ = {
			isa = XCBuildConfiguration;
			buildSettings = {
				ALWAYS_SEARCH_USER_PATHS = NO;
				CLANG_ANALYZER_NONNULL = YES;
				CLANG_ANALYZER_NUMBER_OBJECT_CONVERSION = YES_AGGRESSIVE;
				CLANG_CXX_LANGUAGE_STANDARD = "gnu++14";
				CLANG_CXX_LIBRARY = "libc++";
				CLANG_ENABLE_MODULES = YES;
				CLANG_ENABLE_OBJC_ARC = YES;
				CLANG_WARN_BLOCK_CAPTURE_AUTORELEASING = YES;
				CLANG_WARN_BOOL_CONVERSION = YES;
				CLANG_WARN_COMMA = YES;
				CLANG_WARN_CONSTANT_CONVERSION = YES;
				CLANG_WARN_DIRECT_OBJC_ISA_USAGE = YES_ERROR;
				CLANG_WARN_DOCUMENTATION_COMMENTS = YES;
				CLANG_WARN_EMPTY_BODY = YES;
				CLANG_WARN_ENUM_CONVERSION = YES;
				CLANG_WARN_INFINITE_RECURSION = YES;
				CLANG_WARN_INT_CONVERSION = YES;
				CLANG_WARN_NON_LITERAL_NULL_CONVERSION = YES;
				CLANG_WARN_OBJC_LITERAL_CONVERSION = YES;
				CLANG_WARN_OBJC_ROOT_CLASS = YES_ERROR;
				CLANG_WARN_RANGE_LOOP_ANALYSIS = YES;
				CLANG_WARN_STRICT_PROTOTYPES = YES;
				CLANG_WARN_SUSPICIOUS_MOVE = YES;
				CLANG_WARN_UNGUARDED_AVAILABILITY = YES_AGGRESSIVE;
				CLANG_WARN_UNREACHABLE_CODE = YES;
				CLANG_WARN__DUPLICATE_METHOD_MATCH = YES;
				CODE_SIGN_IDENTITY = "-";
				COPY_PHASE_STRIP = NO;
				DEBUG_INFORMATION_FORMAT = "dwarf-with-dsym";
				ENABLE_NS_ASSERTIONS = NO;
				ENABLE_STRICT_OBJC_MSGSEND = YES;
				GCC_C_LANGUAGE_STANDARD = gnu11;
				GCC_NO_COMMON_BLOCKS = YES;
				GCC_WARN_64_TO_32_BIT_CONVERSION = YES;
				GCC_WARN_ABOUT_RETURN_TYPE = YES_ERROR;
				GCC_WARN_UNDECLARED_SELECTOR = YES;
				GCC_WARN_UNINITIALIZED_AUTOS = YES_AGGRESSIVE;
				GCC_WARN_UNUSED_FUNCTION = YES;
				GCC_WARN_UNUSED_VARIABLE = YES;
				MACOSX_DEPLOYMENT_TARGET = 10.12;
				MTL_ENABLE_DEBUG_INFO = NO;
				SDKROOT = macosx;
				SWIFT_OPTIMIZATION_LEVEL = "-Owholemodule";
			};
			name = Release;
		};
		E08E865E20731A7A0082723B /* Debug */ = {
			isa = XCBuildConfiguration;
			buildSettings = {
				ASSETCATALOG_COMPILER_APPICON_NAME = AppIcon;
				CODE_SIGN_ENTITLEMENTS = EdgeViewer/EdgeViewer.entitlements;
				CODE_SIGN_STYLE = Automatic;
				COMBINE_HIDPI_IMAGES = YES;
				INFOPLIST_FILE = EdgeViewer/Info.plist;
				LD_RUNPATH_SEARCH_PATHS = "$(inherited) @executable_path/../Frameworks";
				MACOSX_DEPLOYMENT_TARGET = 10.11;
				PRODUCT_BUNDLE_IDENTIFIER = com.ggomong.EdgeViewer;
				PRODUCT_NAME = "$(TARGET_NAME)";
				SWIFT_VERSION = 4.0;
			};
			name = Debug;
		};
		E08E865F20731A7A0082723B /* Release */ = {
			isa = XCBuildConfiguration;
			buildSettings = {
				ASSETCATALOG_COMPILER_APPICON_NAME = AppIcon;
				CODE_SIGN_ENTITLEMENTS = EdgeViewer/EdgeViewer.entitlements;
				CODE_SIGN_STYLE = Automatic;
				COMBINE_HIDPI_IMAGES = YES;
				INFOPLIST_FILE = EdgeViewer/Info.plist;
				LD_RUNPATH_SEARCH_PATHS = "$(inherited) @executable_path/../Frameworks";
				MACOSX_DEPLOYMENT_TARGET = 10.11;
				PRODUCT_BUNDLE_IDENTIFIER = com.ggomong.EdgeViewer;
				PRODUCT_NAME = "$(TARGET_NAME)";
				SWIFT_VERSION = 4.0;
			};
			name = Release;
		};
		E08E866120731A7A0082723B /* Debug */ = {
			isa = XCBuildConfiguration;
			buildSettings = {
				ALWAYS_EMBED_SWIFT_STANDARD_LIBRARIES = YES;
				BUNDLE_LOADER = "$(TEST_HOST)";
				CODE_SIGN_STYLE = Automatic;
				COMBINE_HIDPI_IMAGES = YES;
				INFOPLIST_FILE = EdgeViewerTests/Info.plist;
				LD_RUNPATH_SEARCH_PATHS = "$(inherited) @executable_path/../Frameworks @loader_path/../Frameworks";
				PRODUCT_BUNDLE_IDENTIFIER = com.ggomong.EdgeViewerTests;
				PRODUCT_NAME = "$(TARGET_NAME)";
				SWIFT_VERSION = 4.0;
				TEST_HOST = "$(BUILT_PRODUCTS_DIR)/EdgeViewer.app/Contents/MacOS/EdgeViewer";
			};
			name = Debug;
		};
		E08E866220731A7A0082723B /* Release */ = {
			isa = XCBuildConfiguration;
			buildSettings = {
				ALWAYS_EMBED_SWIFT_STANDARD_LIBRARIES = YES;
				BUNDLE_LOADER = "$(TEST_HOST)";
				CODE_SIGN_STYLE = Automatic;
				COMBINE_HIDPI_IMAGES = YES;
				INFOPLIST_FILE = EdgeViewerTests/Info.plist;
				LD_RUNPATH_SEARCH_PATHS = "$(inherited) @executable_path/../Frameworks @loader_path/../Frameworks";
				PRODUCT_BUNDLE_IDENTIFIER = com.ggomong.EdgeViewerTests;
				PRODUCT_NAME = "$(TARGET_NAME)";
				SWIFT_VERSION = 4.0;
				TEST_HOST = "$(BUILT_PRODUCTS_DIR)/EdgeViewer.app/Contents/MacOS/EdgeViewer";
			};
			name = Release;
		};
		E08E866420731A7A0082723B /* Debug */ = {
			isa = XCBuildConfiguration;
			buildSettings = {
				ALWAYS_EMBED_SWIFT_STANDARD_LIBRARIES = YES;
				CODE_SIGN_STYLE = Automatic;
				COMBINE_HIDPI_IMAGES = YES;
				INFOPLIST_FILE = EdgeViewerUITests/Info.plist;
				LD_RUNPATH_SEARCH_PATHS = "$(inherited) @executable_path/../Frameworks @loader_path/../Frameworks";
				PRODUCT_BUNDLE_IDENTIFIER = com.ggomong.EdgeViewerUITests;
				PRODUCT_NAME = "$(TARGET_NAME)";
				SWIFT_VERSION = 4.0;
				TEST_TARGET_NAME = EdgeViewer;
			};
			name = Debug;
		};
		E08E866520731A7A0082723B /* Release */ = {
			isa = XCBuildConfiguration;
			buildSettings = {
				ALWAYS_EMBED_SWIFT_STANDARD_LIBRARIES = YES;
				CODE_SIGN_STYLE = Automatic;
				COMBINE_HIDPI_IMAGES = YES;
				INFOPLIST_FILE = EdgeViewerUITests/Info.plist;
				LD_RUNPATH_SEARCH_PATHS = "$(inherited) @executable_path/../Frameworks @loader_path/../Frameworks";
				PRODUCT_BUNDLE_IDENTIFIER = com.ggomong.EdgeViewerUITests;
				PRODUCT_NAME = "$(TARGET_NAME)";
				SWIFT_VERSION = 4.0;
				TEST_TARGET_NAME = EdgeViewer;
			};
			name = Release;
		};
/* End XCBuildConfiguration section */

/* Begin XCConfigurationList section */
		E08E863220731A7A0082723B /* Build configuration list for PBXProject "EdgeViewer" */ = {
			isa = XCConfigurationList;
			buildConfigurations = (
				E08E865B20731A7A0082723B /* Debug */,
				E08E865C20731A7A0082723B /* Release */,
			);
			defaultConfigurationIsVisible = 0;
			defaultConfigurationName = Release;
		};
		E08E865D20731A7A0082723B /* Build configuration list for PBXNativeTarget "EdgeViewer" */ = {
			isa = XCConfigurationList;
			buildConfigurations = (
				E08E865E20731A7A0082723B /* Debug */,
				E08E865F20731A7A0082723B /* Release */,
			);
			defaultConfigurationIsVisible = 0;
			defaultConfigurationName = Release;
		};
		E08E866020731A7A0082723B /* Build configuration list for PBXNativeTarget "EdgeViewerTests" */ = {
			isa = XCConfigurationList;
			buildConfigurations = (
				E08E866120731A7A0082723B /* Debug */,
				E08E866220731A7A0082723B /* Release */,
			);
			defaultConfigurationIsVisible = 0;
			defaultConfigurationName = Release;
		};
		E08E866320731A7A0082723B /* Build configuration list for PBXNativeTarget "EdgeViewerUITests" */ = {
			isa = XCConfigurationList;
			buildConfigurations = (
				E08E866420731A7A0082723B /* Debug */,
				E08E866520731A7A0082723B /* Release */,
			);
			defaultConfigurationIsVisible = 0;
			defaultConfigurationName = Release;
		};
/* End XCConfigurationList section */
	};
	rootObject = E08E862F20731A7A0082723B /* Project object */;
}
